# This file is machine-generated by `gh actions-lock`.
# Do not edit by hand; run `gh actions-lock` to update.
# Docs: https://gh.io/actions-lockfile
#
# Written by resolving each ref against the GitHub API on 2026-09-29, because
# `gh actions-lock` is not installed in the authoring sandbox and no Actions job
# can start in this repository (docs/FINDINGS.adoc §F9). Every ref below was
# confirmed to exist when it was written; regenerate on the next touch.
# Shape follows metadatastician/cadastra: reusables are recorded as
# `owner/repo@sha` and appear under dependencies too.
version: 'v0.0.2'
workflows:
    '.github/workflows/ci.yml':
        - 'actions/checkout@3d3c42e5aac5ba805825da76410c181273ba90b1'
        - 'julia-actions/setup-julia@fa02766e078afaaf09b14210362cee14137e6a32'
    '.github/workflows/secret-scanner.yml': []
dependencies:
    'actions/checkout@3d3c42e5aac5ba805825da76410c181273ba90b1':
        ref: 'v7.0.1'
        commit: 'sha1-3d3c42e5aac5ba805825da76410c181273ba90b1'
        owner_id: 44036562
        repo_id: 197814629
    'julia-actions/setup-julia@fa02766e078afaaf09b14210362cee14137e6a32':
        ref: 'v3.0.2'
        commit: 'sha1-fa02766e078afaaf09b14210362cee14137e6a32'
        owner_id: 53965732
        repo_id: 202020219
    'hyperpolymath/standards@bd0df9ead7faf0cdfe0e13e7966d91e28d0101d4':
        ref: 'bd0df9ead7faf0cdfe0e13e7966d91e28d0101d4'
        commit: 'sha1-bd0df9ead7faf0cdfe0e13e7966d91e28d0101d4'
        owner_id: 6759885
        repo_id: 1116521501
